// !$*UTF8*$!
{
	archiveVersion = 1;
	classes = {
	};
	objectVersion = 46;
	objects = {

/* Begin PBXBuildFile section */
		2355130E47FC972DCCB2065E /* Pods_WorldTipUITests.framework in Frameworks */ = {isa = PBXBuildFile; fileRef = 78E6DA58077471C9A9464DA7 /* Pods_WorldTipUITests.framework */; };
		819F6B91CC7C7BF4D18612FB /* Pods_WorldTipTests.framework in Frameworks */ = {isa = PBXBuildFile; fileRef = DB4CFC2E7AEE7F92179B5B10 /* Pods_WorldTipTests.framework */; };
		A566ED81CA8662E5CEECA572 /* Pods_WorldTip.framework in Frameworks */ = {isa = PBXBuildFile; fileRef = 5AE5DA39479852ADC13BE57E /* Pods_WorldTip.framework */; };
		BE5D8EB71E1B76FF0027B7DA /* ExchangeRate.swift in Sources */ = {isa = PBXBuildFile; fileRef = BE5D8EB61E1B76FF0027B7DA /* ExchangeRate.swift */; };
		BE5D8EB91E1B7A350027B7DA /* Constants.swift in Sources */ = {isa = PBXBuildFile; fileRef = BE5D8EB81E1B7A350027B7DA /* Constants.swift */; };
		BEFBB87E1E048B1800E6D9AA /* AppDelegate.swift in Sources */ = {isa = PBXBuildFile; fileRef = BEFBB87D1E048B1800E6D9AA /* AppDelegate.swift */; };
		BEFBB8831E048B1800E6D9AA /* Main.storyboard in Resources */ = {isa = PBXBuildFile; fileRef = BEFBB8811E048B1800E6D9AA /* Main.storyboard */; };
		BEFBB8851E048B1800E6D9AA /* Assets.xcassets in Resources */ = {isa = PBXBuildFile; fileRef = BEFBB8841E048B1800E6D9AA /* Assets.xcassets */; };
		BEFBB8881E048B1800E6D9AA /* LaunchScreen.storyboard in Resources */ = {isa = PBXBuildFile; fileRef = BEFBB8861E048B1800E6D9AA /* LaunchScreen.storyboard */; };
		BEFBB8931E048B1800E6D9AA /* WorldTipTests.swift in Sources */ = {isa = PBXBuildFile; fileRef = BEFBB8921E048B1800E6D9AA /* WorldTipTests.swift */; };
		BEFBB89E1E048B1800E6D9AA /* WorldTipUITests.swift in Sources */ = {isa = PBXBuildFile; fileRef = BEFBB89D1E048B1800E6D9AA /* WorldTipUITests.swift */; };
		BEFBB8AF1E048E2C00E6D9AA /* Mayan.ttf in Resources */ = {isa = PBXBuildFile; fileRef = BEFBB8AE1E048E2C00E6D9AA /* Mayan.ttf */; };
		BEFBB8B21E0496F100E6D9AA /* Country.swift in Sources */ = {isa = PBXBuildFile; fileRef = BEFBB8B11E0496F100E6D9AA /* Country.swift */; };
		BEFBB8B41E0497FA00E6D9AA /* CountryTip.swift in Sources */ = {isa = PBXBuildFile; fileRef = BEFBB8B31E0497FA00E6D9AA /* CountryTip.swift */; };
		BEFBB8D61E049FFF00E6D9AA /* TipVC.swift in Sources */ = {isa = PBXBuildFile; fileRef = BEFBB8D51E049FFF00E6D9AA /* TipVC.swift */; };
/* End PBXBuildFile section */

/* Begin PBXContainerItemProxy section */
		BEFBB88F1E048B1800E6D9AA /* PBXContainerItemProxy */ = {
			isa = PBXContainerItemProxy;
			containerPortal = BEFBB8721E048B1800E6D9AA /* Project object */;
			proxyType = 1;
			remoteGlobalIDString = BEFBB8791E048B1800E6D9AA;
			remoteInfo = WorldTip;
		};
		BEFBB89A1E048B1800E6D9AA /* PBXContainerItemProxy */ = {
			isa = PBXContainerItemProxy;
			containerPortal = BEFBB8721E048B1800E6D9AA /* Project object */;
			proxyType = 1;
			remoteGlobalIDString = BEFBB8791E048B1800E6D9AA;
			remoteInfo = WorldTip;
		};
/* End PBXContainerItemProxy section */

/* Begin PBXFileReference section */
		35C146CBE3CE6EE255FA650B /* Pods-WorldTipTests.debug.xcconfig */ = {isa = PBXFileReference; includeInIndex = 1; lastKnownFileType = text.xcconfig; name = "Pods-WorldTipTests.debug.xcconfig"; path = "Pods/Target Support Files/Pods-WorldTipTests/Pods-WorldTipTests.debug.xcconfig"; sourceTree = "<group>"; };
		5AE5DA39479852ADC13BE57E /* Pods_WorldTip.framework */ = {isa = PBXFileReference; explicitFileType = wrapper.framework; includeInIndex = 0; path = Pods_WorldTip.framework; sourceTree = BUILT_PRODUCTS_DIR; };
		5F529081D5B8E152AFCDFC90 /* Pods-WorldTip.debug.xcconfig */ = {isa = PBXFileReference; includeInIndex = 1; lastKnownFileType = text.xcconfig; name = "Pods-WorldTip.debug.xcconfig"; path = "Pods/Target Support Files/Pods-WorldTip/Pods-WorldTip.debug.xcconfig"; sourceTree = "<group>"; };
		78E6DA58077471C9A9464DA7 /* Pods_WorldTipUITests.framework */ = {isa = PBXFileReference; explicitFileType = wrapper.framework; includeInIndex = 0; path = Pods_WorldTipUITests.framework; sourceTree = BUILT_PRODUCTS_DIR; };
		9CC75832A5C960199747A484 /* Pods-WorldTipUITests.release.xcconfig */ = {isa = PBXFileReference; includeInIndex = 1; lastKnownFileType = text.xcconfig; name = "Pods-WorldTipUITests.release.xcconfig"; path = "Pods/Target Support Files/Pods-WorldTipUITests/Pods-WorldTipUITests.release.xcconfig"; sourceTree = "<group>"; };
		BE5D8EB61E1B76FF0027B7DA /* ExchangeRate.swift */ = {isa = PBXFileReference; fileEncoding = 4; lastKnownFileType = sourcecode.swift; path = ExchangeRate.swift; sourceTree = "<group>"; };
		BE5D8EB81E1B7A350027B7DA /* Constants.swift */ = {isa = PBXFileReference; fileEncoding = 4; lastKnownFileType = sourcecode.swift; path = Constants.swift; sourceTree = "<group>"; };
		BEC8FAA4103D925DA6403995 /* Pods-WorldTip.release.xcconfig */ = {isa = PBXFileReference; includeInIndex = 1; lastKnownFileType = text.xcconfig; name = "Pods-WorldTip.release.xcconfig"; path = "Pods/Target Support Files/Pods-WorldTip/Pods-WorldTip.release.xcconfig"; sourceTree = "<group>"; };
		BEFBB87A1E048B1800E6D9AA /* WorldTip.app */ = {isa = PBXFileReference; explicitFileType = wrapper.application; includeInIndex = 0; path = WorldTip.app; sourceTree = BUILT_PRODUCTS_DIR; };
		BEFBB87D1E048B1800E6D9AA /* AppDelegate.swift */ = {isa = PBXFileReference; lastKnownFileType = sourcecode.swift; path = AppDelegate.swift; sourceTree = "<group>"; };
		BEFBB8821E048B1800E6D9AA /* Base */ = {isa = PBXFileReference; lastKnownFileType = file.storyboard; name = Base; path = Base.lproj/Main.storyboard; sourceTree = "<group>"; };
		BEFBB8841E048B1800E6D9AA /* Assets.xcassets */ = {isa = PBXFileReference; lastKnownFileType = folder.assetcatalog; path = Assets.xcassets; sourceTree = "<group>"; };
		BEFBB8871E048B1800E6D9AA /* Base */ = {isa = PBXFileReference; lastKnownFileType = file.storyboard; name = Base; path = Base.lproj/LaunchScreen.storyboard; sourceTree = "<group>"; };
		BEFBB8891E048B1800E6D9AA /* Info.plist */ = {isa = PBXFileReference; lastKnownFileType = text.plist.xml; path = Info.plist; sourceTree = "<group>"; };
		BEFBB88E1E048B1800E6D9AA /* WorldTipTests.xctest */ = {isa = PBXFileReference; explicitFileType = wrapper.cfbundle; includeInIndex = 0; path = WorldTipTests.xctest; sourceTree = BUILT_PRODUCTS_DIR; };
		BEFBB8921E048B1800E6D9AA /* WorldTipTests.swift */ = {isa = PBXFileReference; lastKnownFileType = sourcecode.swift; path = WorldTipTests.swift; sourceTree = "<group>"; };
		BEFBB8941E048B1800E6D9AA /* Info.plist */ = {isa = PBXFileReference; lastKnownFileType = text.plist.xml; path = Info.plist; sourceTree = "<group>"; };
		BEFBB8991E048B1800E6D9AA /* WorldTipUITests.xctest */ = {isa = PBXFileReference; explicitFileType = wrapper.cfbundle; includeInIndex = 0; path = WorldTipUITests.xctest; sourceTree = BUILT_PRODUCTS_DIR; };
		BEFBB89D1E048B1800E6D9AA /* WorldTipUITests.swift */ = {isa = PBXFileReference; lastKnownFileType = sourcecode.swift; path = WorldTipUITests.swift; sourceTree = "<group>"; };
		BEFBB89F1E048B1800E6D9AA /* Info.plist */ = {isa = PBXFileReference; lastKnownFileType = text.plist.xml; path = Info.plist; sourceTree = "<group>"; };
		BEFBB8AE1E048E2C00E6D9AA /* Mayan.ttf */ = {isa = PBXFileReference; lastKnownFileType = file; name = Mayan.ttf; path = ../Mayan.ttf; sourceTree = "<group>"; };
		BEFBB8B11E0496F100E6D9AA /* Country.swift */ = {isa = PBXFileReference; fileEncoding = 4; lastKnownFileType = sourcecode.swift; path = Country.swift; sourceTree = "<group>"; };
		BEFBB8B31E0497FA00E6D9AA /* CountryTip.swift */ = {isa = PBXFileReference; fileEncoding = 4; lastKnownFileType = sourcecode.swift; path = CountryTip.swift; sourceTree = "<group>"; };
		BEFBB8D51E049FFF00E6D9AA /* TipVC.swift */ = {isa = PBXFileReference; fileEncoding = 4; lastKnownFileType = sourcecode.swift; path = TipVC.swift; sourceTree = "<group>"; };
		DB4CFC2E7AEE7F92179B5B10 /* Pods_WorldTipTests.framework */ = {isa = PBXFileReference; explicitFileType = wrapper.framework; includeInIndex = 0; path = Pods_WorldTipTests.framework; sourceTree = BUILT_PRODUCTS_DIR; };
		F6A4BCDD685147A7C0DBCFF5 /* Pods-WorldTipTests.release.xcconfig */ = {isa = PBXFileReference; includeInIndex = 1; lastKnownFileType = text.xcconfig; name = "Pods-WorldTipTests.release.xcconfig"; path = "Pods/Target Support Files/Pods-WorldTipTests/Pods-WorldTipTests.release.xcconfig"; sourceTree = "<group>"; };
		FDD5E018051EF803D55D4CA8 /* Pods-WorldTipUITests.debug.xcconfig */ = {isa = PBXFileReference; includeInIndex = 1; lastKnownFileType = text.xcconfig; name = "Pods-WorldTipUITests.debug.xcconfig"; path = "Pods/Target Support Files/Pods-WorldTipUITests/Pods-WorldTipUITests.debug.xcconfig"; sourceTree = "<group>"; };
/* End PBXFileReference section */

/* Begin PBXFrameworksBuildPhase section */
		BEFBB8771E048B1800E6D9AA /* Frameworks */ = {
			isa = PBXFrameworksBuildPhase;
			buildActionMask = 2147483647;
			files = (
				A566ED81CA8662E5CEECA572 /* Pods_WorldTip.framework in Frameworks */,
			);
			runOnlyForDeploymentPostprocessing = 0;
		};
		BEFBB88B1E048B1800E6D9AA /* Frameworks */ = {
			isa = PBXFrameworksBuildPhase;
			buildActionMask = 2147483647;
			files = (
				819F6B91CC7C7BF4D18612FB /* Pods_WorldTipTests.framework in Frameworks */,
			);
			runOnlyForDeploymentPostprocessing = 0;
		};
		BEFBB8961E048B1800E6D9AA /* Frameworks */ = {
			isa = PBXFrameworksBuildPhase;
			buildActionMask = 2147483647;
			files = (
				2355130E47FC972DCCB2065E /* Pods_WorldTipUITests.framework in Frameworks */,
			);
			runOnlyForDeploymentPostprocessing = 0;
		};
/* End PBXFrameworksBuildPhase section */

/* Begin PBXGroup section */
		BEFBB8711E048B1800E6D9AA = {
			isa = PBXGroup;
			children = (
				BEFBB87C1E048B1800E6D9AA /* WorldTip */,
				BEFBB8911E048B1800E6D9AA /* WorldTipTests */,
				BEFBB89C1E048B1800E6D9AA /* WorldTipUITests */,
				BEFBB87B1E048B1800E6D9AA /* Products */,
				E5246999373BBE43FD21EFE4 /* Pods */,
				CBB23E48DA50AE4E4592499C /* Frameworks */,
			);
			sourceTree = "<group>";
		};
		BEFBB87B1E048B1800E6D9AA /* Products */ = {
			isa = PBXGroup;
			children = (
				BEFBB87A1E048B1800E6D9AA /* WorldTip.app */,
				BEFBB88E1E048B1800E6D9AA /* WorldTipTests.xctest */,
				BEFBB8991E048B1800E6D9AA /* WorldTipUITests.xctest */,
			);
			name = Products;
			sourceTree = "<group>";
		};
		BEFBB87C1E048B1800E6D9AA /* WorldTip */ = {
			isa = PBXGroup;
			children = (
				BEFBB8B01E048E3300E6D9AA /* Resources */,
				BEFBB8AD1E048B6500E6D9AA /* Model */,
				BEFBB8AC1E048B5E00E6D9AA /* View */,
				BEFBB8AB1E048B4C00E6D9AA /* Controller */,
				BEFBB87D1E048B1800E6D9AA /* AppDelegate.swift */,
				BEFBB8811E048B1800E6D9AA /* Main.storyboard */,
				BEFBB8841E048B1800E6D9AA /* Assets.xcassets */,
				BEFBB8861E048B1800E6D9AA /* LaunchScreen.storyboard */,
				BEFBB8891E048B1800E6D9AA /* Info.plist */,
			);
			path = WorldTip;
			sourceTree = "<group>";
		};
		BEFBB8911E048B1800E6D9AA /* WorldTipTests */ = {
			isa = PBXGroup;
			children = (
				BEFBB8921E048B1800E6D9AA /* WorldTipTests.swift */,
				BEFBB8941E048B1800E6D9AA /* Info.plist */,
			);
			path = WorldTipTests;
			sourceTree = "<group>";
		};
		BEFBB89C1E048B1800E6D9AA /* WorldTipUITests */ = {
			isa = PBXGroup;
			children = (
				BEFBB89D1E048B1800E6D9AA /* WorldTipUITests.swift */,
				BEFBB89F1E048B1800E6D9AA /* Info.plist */,
			);
			path = WorldTipUITests;
			sourceTree = "<group>";
		};
		BEFBB8AB1E048B4C00E6D9AA /* Controller */ = {
			isa = PBXGroup;
			children = (
				BEFBB8D51E049FFF00E6D9AA /* TipVC.swift */,
			);
			name = Controller;
			sourceTree = "<group>";
		};
		BEFBB8AC1E048B5E00E6D9AA /* View */ = {
			isa = PBXGroup;
			children = (
			);
			name = View;
			sourceTree = "<group>";
		};
		BEFBB8AD1E048B6500E6D9AA /* Model */ = {
			isa = PBXGroup;
			children = (
				BEFBB8B11E0496F100E6D9AA /* Country.swift */,
				BEFBB8B31E0497FA00E6D9AA /* CountryTip.swift */,
				BE5D8EB61E1B76FF0027B7DA /* ExchangeRate.swift */,
			);
			name = Model;
			path = ..;
			sourceTree = "<group>";
		};
		BEFBB8B01E048E3300E6D9AA /* Resources */ = {
			isa = PBXGroup;
			children = (
				BEFBB8AE1E048E2C00E6D9AA /* Mayan.ttf */,
				BE5D8EB81E1B7A350027B7DA /* Constants.swift */,
			);
			name = Resources;
			sourceTree = "<group>";
		};
		CBB23E48DA50AE4E4592499C /* Frameworks */ = {
			isa = PBXGroup;
			children = (
				5AE5DA39479852ADC13BE57E /* Pods_WorldTip.framework */,
				DB4CFC2E7AEE7F92179B5B10 /* Pods_WorldTipTests.framework */,
				78E6DA58077471C9A9464DA7 /* Pods_WorldTipUITests.framework */,
			);
			name = Frameworks;
			sourceTree = "<group>";
		};
		E5246999373BBE43FD21EFE4 /* Pods */ = {
			isa = PBXGroup;
			children = (
				5F529081D5B8E152AFCDFC90 /* Pods-WorldTip.debug.xcconfig */,
				BEC8FAA4103D925DA6403995 /* Pods-WorldTip.release.xcconfig */,
				35C146CBE3CE6EE255FA650B /* Pods-WorldTipTests.debug.xcconfig */,
				F6A4BCDD685147A7C0DBCFF5 /* Pods-WorldTipTests.release.xcconfig */,
				FDD5E018051EF803D55D4CA8 /* Pods-WorldTipUITests.debug.xcconfig */,
				9CC75832A5C960199747A484 /* Pods-WorldTipUITests.release.xcconfig */,
			);
			name = Pods;
			sourceTree = "<group>";
		};
/* End PBXGroup section */

/* Begin PBXNativeTarget section */
		BEFBB8791E048B1800E6D9AA /* WorldTip */ = {
			isa = PBXNativeTarget;
			buildConfigurationList = BEFBB8A21E048B1800E6D9AA /* Build configuration list for PBXNativeTarget "WorldTip" */;
			buildPhases = (
				04C19E4547919939F010C13B /* [CP] Check Pods Manifest.lock */,
				BEFBB8761E048B1800E6D9AA /* Sources */,
				BEFBB8771E048B1800E6D9AA /* Frameworks */,
				BEFBB8781E048B1800E6D9AA /* Resources */,
				9D6DAF75765FD0FF87736898 /* [CP] Embed Pods Frameworks */,
				F48C177038D4A55F3E7C0EE9 /* [CP] Copy Pods Resources */,
			);
			buildRules = (
			);
			dependencies = (
			);
			name = WorldTip;
			productName = WorldTip;
			productReference = BEFBB87A1E048B1800E6D9AA /* WorldTip.app */;
			productType = "com.apple.product-type.application";
		};
		BEFBB88D1E048B1800E6D9AA /* WorldTipTests */ = {
			isa = PBXNativeTarget;
			buildConfigurationList = BEFBB8A51E048B1800E6D9AA /* Build configuration list for PBXNativeTarget "WorldTipTests" */;
			buildPhases = (
				F70D556047FCAF3A993672ED /* [CP] Check Pods Manifest.lock */,
				BEFBB88A1E048B1800E6D9AA /* Sources */,
				BEFBB88B1E048B1800E6D9AA /* Frameworks */,
				BEFBB88C1E048B1800E6D9AA /* Resources */,
				1F1AB9EEFB7D6B2833AAB540 /* [CP] Embed Pods Frameworks */,
				CA89010B5805508E75E9BB90 /* [CP] Copy Pods Resources */,
			);
			buildRules = (
			);
			dependencies = (
				BEFBB8901E048B1800E6D9AA /* PBXTargetDependency */,
			);
			name = WorldTipTests;
			productName = WorldTipTests;
			productReference = BEFBB88E1E048B1800E6D9AA /* WorldTipTests.xctest */;
			productType = "com.apple.product-type.bundle.unit-test";
		};
		BEFBB8981E048B1800E6D9AA /* WorldTipUITests */ = {
			isa = PBXNativeTarget;
			buildConfigurationList = BEFBB8A81E048B1800E6D9AA /* Build configuration list for PBXNativeTarget "WorldTipUITests" */;
			buildPhases = (
				CB1CD4601470C0031ADDB5A7 /* [CP] Check Pods Manifest.lock */,
				BEFBB8951E048B1800E6D9AA /* Sources */,
				BEFBB8961E048B1800E6D9AA /* Frameworks */,
				BEFBB8971E048B1800E6D9AA /* Resources */,
				15EC13577483B244664B01E4 /* [CP] Embed Pods Frameworks */,
				5B626DB55BD9C1A976E4B356 /* [CP] Copy Pods Resources */,
			);
			buildRules = (
			);
			dependencies = (
				BEFBB89B1E048B1800E6D9AA /* PBXTargetDependency */,
			);
			name = WorldTipUITests;
			productName = WorldTipUITests;
			productReference = BEFBB8991E048B1800E6D9AA /* WorldTipUITests.xctest */;
			productType = "com.apple.product-type.bundle.ui-testing";
		};
/* End PBXNativeTarget section */

/* Begin PBXProject section */
		BEFBB8721E048B1800E6D9AA /* Project object */ = {
			isa = PBXProject;
			attributes = {
				LastSwiftUpdateCheck = 0810;
				LastUpgradeCheck = 0810;
				ORGANIZATIONNAME = "Will Gilman";
				TargetAttributes = {
					BEFBB8791E048B1800E6D9AA = {
						CreatedOnToolsVersion = 8.1;
						ProvisioningStyle = Automatic;
					};
					BEFBB88D1E048B1800E6D9AA = {
						CreatedOnToolsVersion = 8.1;
						ProvisioningStyle = Automatic;
						TestTargetID = BEFBB8791E048B1800E6D9AA;
					};
					BEFBB8981E048B1800E6D9AA = {
						CreatedOnToolsVersion = 8.1;
						ProvisioningStyle = Automatic;
						TestTargetID = BEFBB8791E048B1800E6D9AA;
					};
				};
			};
			buildConfigurationList = BEFBB8751E048B1800E6D9AA /* Build configuration list for PBXProject "WorldTip" */;
			compatibilityVersion = "Xcode 3.2";
			developmentRegion = English;
			hasScannedForEncodings = 0;
			knownRegions = (
				en,
				Base,
			);
			mainGroup = BEFBB8711E048B1800E6D9AA;
			productRefGroup = BEFBB87B1E048B1800E6D9AA /* Products */;
			projectDirPath = "";
			projectRoot = "";
			targets = (
				BEFBB8791E048B1800E6D9AA /* WorldTip */,
				BEFBB88D1E048B1800E6D9AA /* WorldTipTests */,
				BEFBB8981E048B1800E6D9AA /* WorldTipUITests */,
			);
		};
/* End PBXProject section */

/* Begin PBXResourcesBuildPhase section */
		BEFBB8781E048B1800E6D9AA /* Resources */ = {
			isa = PBXResourcesBuildPhase;
			buildActionMask = 2147483647;
			files = (
				BEFBB8881E048B1800E6D9AA /* LaunchScreen.storyboard in Resources */,
				BEFBB8851E048B1800E6D9AA /* Assets.xcassets in Resources */,
				BEFBB8831E048B1800E6D9AA /* Main.storyboard in Resources */,
				BEFBB8AF1E048E2C00E6D9AA /* Mayan.ttf in Resources */,
			);
			runOnlyForDeploymentPostprocessing = 0;
		};
		BEFBB88C1E048B1800E6D9AA /* Resources */ = {
			isa = PBXResourcesBuildPhase;
			buildActionMask = 2147483647;
			files = (
			);
			runOnlyForDeploymentPostprocessing = 0;
		};
		BEFBB8971E048B1800E6D9AA /* Resources */ = {
			isa = PBXResourcesBuildPhase;
			buildActionMask = 2147483647;
			files = (
			);
			runOnlyForDeploymentPostprocessing = 0;
		};
/* End PBXResourcesBuildPhase section */

/* Begin PBXShellScriptBuildPhase section */
		04C19E4547919939F010C13B /* [CP] Check Pods Manifest.lock */ = {
			isa = PBXShellScriptBuildPhase;
			buildActionMask = 2147483647;
			files = (
			);
			inputPaths = (
			);
			name = "[CP] Check Pods Manifest.lock";
			outputPaths = (
			);
			runOnlyForDeploymentPostprocessing = 0;
			shellPath = /bin/sh;
			shellScript = "diff \"${PODS_ROOT}/../Podfile.lock\" \"${PODS_ROOT}/Manifest.lock\" > /dev/null\nif [ $? != 0 ] ; then\n    # print error to STDERR\n    echo \"error: The sandbox is not in sync with the Podfile.lock. Run 'pod install' or update your CocoaPods installation.\" >&2\n    exit 1\nfi\n";
			showEnvVarsInLog = 0;
		};
		15EC13577483B244664B01E4 /* [CP] Embed Pods Frameworks */ = {
			isa = PBXShellScriptBuildPhase;
			buildActionMask = 2147483647;
			files = (
			);
			inputPaths = (
			);
			name = "[CP] Embed Pods Frameworks";
			outputPaths = (
			);
			runOnlyForDeploymentPostprocessing = 0;
			shellPath = /bin/sh;
			shellScript = "\"${SRCROOT}/Pods/Target Support Files/Pods-WorldTipUITests/Pods-WorldTipUITests-frameworks.sh\"\n";
			showEnvVarsInLog = 0;
		};
		1F1AB9EEFB7D6B2833AAB540 /* [CP] Embed Pods Frameworks */ = {
			isa = PBXShellScriptBuildPhase;
			buildActionMask = 2147483647;
			files = (
			);
			inputPaths = (
			);
			name = "[CP] Embed Pods Frameworks";
			outputPaths = (
			);
			runOnlyForDeploymentPostprocessing = 0;
			shellPath = /bin/sh;
			shellScript = "\"${SRCROOT}/Pods/Target Support Files/Pods-WorldTipTests/Pods-WorldTipTests-frameworks.sh\"\n";
			showEnvVarsInLog = 0;
		};
		5B626DB55BD9C1A976E4B356 /* [CP] Copy Pods Resources */ = {
			isa = PBXShellScriptBuildPhase;
			buildActionMask = 2147483647;
			files = (
			);
			inputPaths = (
			);
			name = "[CP] Copy Pods Resources";
			outputPaths = (
			);
			runOnlyForDeploymentPostprocessing = 0;
			shellPath = /bin/sh;
			shellScript = "\"${SRCROOT}/Pods/Target Support Files/Pods-WorldTipUITests/Pods-WorldTipUITests-resources.sh\"\n";
			showEnvVarsInLog = 0;
		};
		9D6DAF75765FD0FF87736898 /* [CP] Embed Pods Frameworks */ = {
			isa = PBXShellScriptBuildPhase;
			buildActionMask = 2147483647;
			files = (
			);
			inputPaths = (
			);
			name = "[CP] Embed Pods Frameworks";
			outputPaths = (
			);
			runOnlyForDeploymentPostprocessing = 0;
			shellPath = /bin/sh;
			shellScript = "\"${SRCROOT}/Pods/Target Support Files/Pods-WorldTip/Pods-WorldTip-frameworks.sh\"\n";
			showEnvVarsInLog = 0;
		};
		CA89010B5805508E75E9BB90 /* [CP] Copy Pods Resources */ = {
			isa = PBXShellScriptBuildPhase;
			buildActionMask = 2147483647;
			files = (
			);
			inputPaths = (
			);
			name = "[CP] Copy Pods Resources";
			outputPaths = (
			);
			runOnlyForDeploymentPostprocessing = 0;
			shellPath = /bin/sh;
			shellScript = "\"${SRCROOT}/Pods/Target Support Files/Pods-WorldTipTests/Pods-WorldTipTests-resources.sh\"\n";
			showEnvVarsInLog = 0;
		};
		CB1CD4601470C0031ADDB5A7 /* [CP] Check Pods Manifest.lock */ = {
			isa = PBXShellScriptBuildPhase;
			buildActionMask = 2147483647;
			files = (
			);
			inputPaths = (
			);
			name = "[CP] Check Pods Manifest.lock";
			outputPaths = (
			);
			runOnlyForDeploymentPostprocessing = 0;
			shellPath = /bin/sh;
			shellScript = "diff \"${PODS_ROOT}/../Podfile.lock\" \"${PODS_ROOT}/Manifest.lock\" > /dev/null\nif [ $? != 0 ] ; then\n    # print error to STDERR\n    echo \"error: The sandbox is not in sync with the Podfile.lock. Run 'pod install' or update your CocoaPods installation.\" >&2\n    exit 1\nfi\n";
			showEnvVarsInLog = 0;
		};
		F48C177038D4A55F3E7C0EE9 /* [CP] Copy Pods Resources */ = {
			isa = PBXShellScriptBuildPhase;
			buildActionMask = 2147483647;
			files = (
			);
			inputPaths = (
			);
			name = "[CP] Copy Pods Resources";
			outputPaths = (
			);
			runOnlyForDeploymentPostprocessing = 0;
			shellPath = /bin/sh;
			shellScript = "\"${SRCROOT}/Pods/Target Support Files/Pods-WorldTip/Pods-WorldTip-resources.sh\"\n";
			showEnvVarsInLog = 0;
		};
		F70D556047FCAF3A993672ED /* [CP] Check Pods Manifest.lock */ = {
			isa = PBXShellScriptBuildPhase;
			buildActionMask = 2147483647;
			files = (
			);
			inputPaths = (
			);
			name = "[CP] Check Pods Manifest.lock";
			outputPaths = (
			);
			runOnlyForDeploymentPostprocessing = 0;
			shellPath = /bin/sh;
			shellScript = "diff \"${PODS_ROOT}/../Podfile.lock\" \"${PODS_ROOT}/Manifest.lock\" > /dev/null\nif [ $? != 0 ] ; then\n    # print error to STDERR\n    echo \"error: The sandbox is not in sync with the Podfile.lock. Run 'pod install' or update your CocoaPods installation.\" >&2\n    exit 1\nfi\n";
			showEnvVarsInLog = 0;
		};
/* End PBXShellScriptBuildPhase section */

/* Begin PBXSourcesBuildPhase section */
		BEFBB8761E048B1800E6D9AA /* Sources */ = {
			isa = PBXSourcesBuildPhase;
			buildActionMask = 2147483647;
			files = (
				BEFBB8D61E049FFF00E6D9AA /* TipVC.swift in Sources */,
				BE5D8EB71E1B76FF0027B7DA /* ExchangeRate.swift in Sources */,
				BEFBB8B41E0497FA00E6D9AA /* CountryTip.swift in Sources */,
				BEFBB8B21E0496F100E6D9AA /* Country.swift in Sources */,
				BEFBB87E1E048B1800E6D9AA /* AppDelegate.swift in Sources */,
				BE5D8EB91E1B7A350027B7DA /* Constants.swift in Sources */,
			);
			runOnlyForDeploymentPostprocessing = 0;
		};
		BEFBB88A1E048B1800E6D9AA /* Sources */ = {
			isa = PBXSourcesBuildPhase;
			buildActionMask = 2147483647;
			files = (
				BEFBB8931E048B1800E6D9AA /* WorldTipTests.swift in Sources */,
			);
			runOnlyForDeploymentPostprocessing = 0;
		};
		BEFBB8951E048B1800E6D9AA /* Sources */ = {
			isa = PBXSourcesBuildPhase;
			buildActionMask = 2147483647;
			files = (
				BEFBB89E1E048B1800E6D9AA /* WorldTipUITests.swift in Sources */,
			);
			runOnlyForDeploymentPostprocessing = 0;
		};
/* End PBXSourcesBuildPhase section */

/* Begin PBXTargetDependency section */
		BEFBB8901E048B1800E6D9AA /* PBXTargetDependency */ = {
			isa = PBXTargetDependency;
			target = BEFBB8791E048B1800E6D9AA /* WorldTip */;
			targetProxy = BEFBB88F1E048B1800E6D9AA /* PBXContainerItemProxy */;
		};
		BEFBB89B1E048B1800E6D9AA /* PBXTargetDependency */ = {
			isa = PBXTargetDependency;
			target = BEFBB8791E048B1800E6D9AA /* WorldTip */;
			targetProxy = BEFBB89A1E048B1800E6D9AA /* PBXContainerItemProxy */;
		};
/* End PBXTargetDependency section */

/* Begin PBXVariantGroup section */
		BEFBB8811E048B1800E6D9AA /* Main.storyboard */ = {
			isa = PBXVariantGroup;
			children = (
				BEFBB8821E048B1800E6D9AA /* Base */,
			);
			name = Main.storyboard;
			sourceTree = "<group>";
		};
		BEFBB8861E048B1800E6D9AA /* LaunchScreen.storyboard */ = {
			isa = PBXVariantGroup;
			children = (
				BEFBB8871E048B1800E6D9AA /* Base */,
			);
			name = LaunchScreen.storyboard;
			sourceTree = "<group>";
		};
/* End PBXVariantGroup section */

/* Begin XCBuildConfiguration section */
		BEFBB8A01E048B1800E6D9AA /* Debug */ = {
			isa = XCBuildConfiguration;
			buildSettings = {
				ALWAYS_SEARCH_USER_PATHS = NO;
				CLANG_ANALYZER_NONNULL = YES;
				CLANG_CXX_LANGUAGE_STANDARD = "gnu++0x";
				CLANG_CXX_LIBRARY = "libc++";
				CLANG_ENABLE_MODULES = YES;
				CLANG_ENABLE_OBJC_ARC = YES;
				CLANG_WARN_BOOL_CONVERSION = YES;
				CLANG_WARN_CONSTANT_CONVERSION = YES;
				CLANG_WARN_DIRECT_OBJC_ISA_USAGE = YES_ERROR;
				CLANG_WARN_DOCUMENTATION_COMMENTS = YES;
				CLANG_WARN_EMPTY_BODY = YES;
				CLANG_WARN_ENUM_CONVERSION = YES;
				CLANG_WARN_INFINITE_RECURSION = YES;
				CLANG_WARN_INT_CONVERSION = YES;
				CLANG_WARN_OBJC_ROOT_CLASS = YES_ERROR;
				CLANG_WARN_SUSPICIOUS_MOVES = YES;
				CLANG_WARN_UNREACHABLE_CODE = YES;
				CLANG_WARN__DUPLICATE_METHOD_MATCH = YES;
				"CODE_SIGN_IDENTITY[sdk=iphoneos*]" = "iPhone Developer";
				COPY_PHASE_STRIP = NO;
				DEBUG_INFORMATION_FORMAT = dwarf;
				ENABLE_STRICT_OBJC_MSGSEND = YES;
				ENABLE_TESTABILITY = YES;
				GCC_C_LANGUAGE_STANDARD = gnu99;
				GCC_DYNAMIC_NO_PIC = NO;
				GCC_NO_COMMON_BLOCKS = YES;
				GCC_OPTIMIZATION_LEVEL = 0;
				GCC_PREPROCESSOR_DEFINITIONS = (
					"DEBUG=1",
					"$(inherited)",
				);
				GCC_WARN_64_TO_32_BIT_CONVERSION = YES;
				GCC_WARN_ABOUT_RETURN_TYPE = YES_ERROR;
				GCC_WARN_UNDECLARED_SELECTOR = YES;
				GCC_WARN_UNINITIALIZED_AUTOS = YES_AGGRESSIVE;
				GCC_WARN_UNUSED_FUNCTION = YES;
				GCC_WARN_UNUSED_VARIABLE = YES;
				IPHONEOS_DEPLOYMENT_TARGET = 10.1;
				MTL_ENABLE_DEBUG_INFO = YES;
				ONLY_ACTIVE_ARCH = YES;
				SDKROOT = iphoneos;
				SWIFT_ACTIVE_COMPILATION_CONDITIONS = DEBUG;
				SWIFT_OPTIMIZATION_LEVEL = "-Onone";
				TARGETED_DEVICE_FAMILY = "1,2";
			};
			name = Debug;
		};
		BEFBB8A11E048B1800E6D9AA /* Release */ = {
			isa = XCBuildConfiguration;
			buildSettings = {
				ALWAYS_SEARCH_USER_PATHS = NO;
				CLANG_ANALYZER_NONNULL = YES;
				CLANG_CXX_LANGUAGE_STANDARD = "gnu++0x";
				CLANG_CXX_LIBRARY = "libc++";
				CLANG_ENABLE_MODULES = YES;
				CLANG_ENABLE_OBJC_ARC = YES;
				CLANG_WARN_BOOL_CONVERSION = YES;
				CLANG_WARN_CONSTANT_CONVERSION = YES;
				CLANG_WARN_DIRECT_OBJC_ISA_USAGE = YES_ERROR;
				CLANG_WARN_DOCUMENTATION_COMMENTS = YES;
				CLANG_WARN_EMPTY_BODY = YES;
				CLANG_WARN_ENUM_CONVERSION = YES;
				CLANG_WARN_INFINITE_RECURSION = YES;
				CLANG_WARN_INT_CONVERSION = YES;
				CLANG_WARN_OBJC_ROOT_CLASS = YES_ERROR;
				CLANG_WARN_SUSPICIOUS_MOVES = YES;
				CLANG_WARN_UNREACHABLE_CODE = YES;
				CLANG_WARN__DUPLICATE_METHOD_MATCH = YES;
				"CODE_SIGN_IDENTITY[sdk=iphoneos*]" = "iPhone Developer";
				COPY_PHASE_STRIP = NO;
				DEBUG_INFORMATION_FORMAT = "dwarf-with-dsym";
				ENABLE_NS_ASSERTIONS = NO;
				ENABLE_STRICT_OBJC_MSGSEND = YES;
				GCC_C_LANGUAGE_STANDARD = gnu99;
				GCC_NO_COMMON_BLOCKS = YES;
				GCC_WARN_64_TO_32_BIT_CONVERSION = YES;
				GCC_WARN_ABOUT_RETURN_TYPE = YES_ERROR;
				GCC_WARN_UNDECLARED_SELECTOR = YES;
				GCC_WARN_UNINITIALIZED_AUTOS = YES_AGGRESSIVE;
				GCC_WARN_UNUSED_FUNCTION = YES;
				GCC_WARN_UNUSED_VARIABLE = YES;
				IPHONEOS_DEPLOYMENT_TARGET = 10.1;
				MTL_ENABLE_DEBUG_INFO = NO;
				SDKROOT = iphoneos;
				SWIFT_OPTIMIZATION_LEVEL = "-Owholemodule";
				TARGETED_DEVICE_FAMILY = "1,2";
				VALIDATE_PRODUCT = YES;
			};
			name = Release;
		};
		BEFBB8A31E048B1800E6D9AA /* Debug */ = {
			isa = XCBuildConfiguration;
			baseConfigurationReference = 5F529081D5B8E152AFCDFC90 /* Pods-WorldTip.debug.xcconfig */;
			buildSettings = {
				ASSETCATALOG_COMPILER_APPICON_NAME = AppIcon;
				INFOPLIST_FILE = WorldTip/Info.plist;
				LD_RUNPATH_SEARCH_PATHS = "$(inherited) @executable_path/Frameworks";
				PRODUCT_BUNDLE_IDENTIFIER = SamadhiTech.WorldTip;
				PRODUCT_NAME = "$(TARGET_NAME)";
				SWIFT_VERSION = 3.0;
			};
			name = Debug;
		};
		BEFBB8A41E048B1800E6D9AA /* Release */ = {
			isa = XCBuildConfiguration;
			baseConfigurationReference = BEC8FAA4103D925DA6403995 /* Pods-WorldTip.release.xcconfig */;
			buildSettings = {
				ASSETCATALOG_COMPILER_APPICON_NAME = AppIcon;
				INFOPLIST_FILE = WorldTip/Info.plist;
				LD_RUNPATH_SEARCH_PATHS = "$(inherited) @executable_path/Frameworks";
				PRODUCT_BUNDLE_IDENTIFIER = SamadhiTech.WorldTip;
				PRODUCT_NAME = "$(TARGET_NAME)";
				SWIFT_VERSION = 3.0;
			};
			name = Release;
		};
		BEFBB8A61E048B1800E6D9AA /* Debug */ = {
			isa = XCBuildConfiguration;
			baseConfigurationReference = 35C146CBE3CE6EE255FA650B /* Pods-WorldTipTests.debug.xcconfig */;
			buildSettings = {
				ALWAYS_EMBED_SWIFT_STANDARD_LIBRARIES = YES;
				BUNDLE_LOADER = "$(TEST_HOST)";
				INFOPLIST_FILE = WorldTipTests/Info.plist;
				LD_RUNPATH_SEARCH_PATHS = "$(inherited) @executable_path/Frameworks @loader_path/Frameworks";
				PRODUCT_BUNDLE_IDENTIFIER = SamadhiTech.WorldTipTests;
				PRODUCT_NAME = "$(TARGET_NAME)";
				SWIFT_VERSION = 3.0;
				TEST_HOST = "$(BUILT_PRODUCTS_DIR)/WorldTip.app/WorldTip";
			};
			name = Debug;
		};
		BEFBB8A71E048B1800E6D9AA /* Release */ = {
			isa = XCBuildConfiguration;
			baseConfigurationReference = F6A4BCDD685147A7C0DBCFF5 /* Pods-WorldTipTests.release.xcconfig */;
			buildSettings = {
				ALWAYS_EMBED_SWIFT_STANDARD_LIBRARIES = YES;
				BUNDLE_LOADER = "$(TEST_HOST)";
				INFOPLIST_FILE = WorldTipTests/Info.plist;
				LD_RUNPATH_SEARCH_PATHS = "$(inherited) @executable_path/Frameworks @loader_path/Frameworks";
				PRODUCT_BUNDLE_IDENTIFIER = SamadhiTech.WorldTipTests;
				PRODUCT_NAME = "$(TARGET_NAME)";
				SWIFT_VERSION = 3.0;
				TEST_HOST = "$(BUILT_PRODUCTS_DIR)/WorldTip.app/WorldTip";
			};
			name = Release;
		};
		BEFBB8A91E048B1800E6D9AA /* Debug */ = {
			isa = XCBuildConfiguration;
			baseConfigurationReference = FDD5E018051EF803D55D4CA8 /* Pods-WorldTipUITests.debug.xcconfig */;
			buildSettings = {
				ALWAYS_EMBED_SWIFT_STANDARD_LIBRARIES = YES;
				INFOPLIST_FILE = WorldTipUITests/Info.plist;
				LD_RUNPATH_SEARCH_PATHS = "$(inherited) @executable_path/Frameworks @loader_path/Frameworks";
				PRODUCT_BUNDLE_IDENTIFIER = SamadhiTech.WorldTipUITests;
				PRODUCT_NAME = "$(TARGET_NAME)";
				SWIFT_VERSION = 3.0;
				TEST_TARGET_NAME = WorldTip;
			};
			name = Debug;
		};
		BEFBB8AA1E048B1800E6D9AA /* Release */ = {
			isa = XCBuildConfiguration;
			baseConfigurationReference = 9CC75832A5C960199747A484 /* Pods-WorldTipUITests.release.xcconfig */;
			buildSettings = {
				ALWAYS_EMBED_SWIFT_STANDARD_LIBRARIES = YES;
				INFOPLIST_FILE = WorldTipUITests/Info.plist;
				LD_RUNPATH_SEARCH_PATHS = "$(inherited) @executable_path/Frameworks @loader_path/Frameworks";
				PRODUCT_BUNDLE_IDENTIFIER = SamadhiTech.WorldTipUITests;
				PRODUCT_NAME = "$(TARGET_NAME)";
				SWIFT_VERSION = 3.0;
				TEST_TARGET_NAME = WorldTip;
			};
			name = Release;
		};
/* End XCBuildConfiguration section */

/* Begin XCConfigurationList section */
		BEFBB8751E048B1800E6D9AA /* Build configuration list for PBXProject "WorldTip" */ = {
			isa = XCConfigurationList;
			buildConfigurations = (
				BEFBB8A01E048B1800E6D9AA /* Debug */,
				BEFBB8A11E048B1800E6D9AA /* Release */,
			);
			defaultConfigurationIsVisible = 0;
			defaultConfigurationName = Release;
		};
		BEFBB8A21E048B1800E6D9AA /* Build configuration list for PBXNativeTarget "WorldTip" */ = {
			isa = XCConfigurationList;
			buildConfigurations = (
				BEFBB8A31E048B1800E6D9AA /* Debug */,
				BEFBB8A41E048B1800E6D9AA /* Release */,
			);
			defaultConfigurationIsVisible = 0;
			defaultConfigurationName = Release;
		};
		BEFBB8A51E048B1800E6D9AA /* Build configuration list for PBXNativeTarget "WorldTipTests" */ = {
			isa = XCConfigurationList;
			buildConfigurations = (
				BEFBB8A61E048B1800E6D9AA /* Debug */,
				BEFBB8A71E048B1800E6D9AA /* Release */,
			);
			defaultConfigurationIsVisible = 0;
			defaultConfigurationName = Release;
		};
		BEFBB8A81E048B1800E6D9AA /* Build configuration list for PBXNativeTarget "WorldTipUITests" */ = {
			isa = XCConfigurationList;
			buildConfigurations = (
				BEFBB8A91E048B1800E6D9AA /* Debug */,
				BEFBB8AA1E048B1800E6D9AA /* Release */,
			);
			defaultConfigurationIsVisible = 0;
			defaultConfigurationName = Release;
		};
/* End XCConfigurationList section */
	};
	rootObject = BEFBB8721E048B1800E6D9AA /* Project object */;
}
